Microsoft Visual Studio Solution File, Format Version 12.00
# Visual Studio Version 17
VisualStudioVersion = 17.5.2.0
MinimumVisualStudioVersion = 10.0.40219.1
Project("{FAE04EC0-301F-11D3-BF4B-00C04F79EFBC}") = "teste-tecnico-even3", "teste-tecnico-even3.csproj", "{38B1CCF5-F4B0-AFBC-4DA2-B8490143F29D}"
EndProject
Global
	GlobalSection(SolutionConfigurationPlatforms) = preSolution
		Debug|Any CPU = Debug|Any CPU
		Release|Any CPU = Release|Any CPU
	EndGlobalSection
	GlobalSection(ProjectConfigurationPlatforms) = postSolution
		{38B1CCF5-F4B0-AFBC-4DA2-B8490143F29D}.Debug|Any CPU.ActiveCfg = Debug|Any CPU
		{38B1CCF5-F4B0-AFBC-4DA2-B8490143F29D}.Debug|Any CPU.Build.0 = Debug|Any CPU
		{38B1CCF5-F4B0-AFBC-4DA2-B8490143F29D}.Release|Any CPU.ActiveCfg = Release|Any CPU
		{38B1CCF5-F4B0-AFBC-4DA2-B8490143F29D}.Release|Any CPU.Build.0 = Release|Any CPU
	EndGlobalSection
	GlobalSection(SolutionProperties) = preSolution
		HideSolutionNode = FALSE
	EndGlobalSection
	GlobalSection(ExtensibilityGlobals) = postSolution
		SolutionGuid = {CC711F4B-21BD-45C9-8F42-3653E7AD3ABF}
	EndGlobalSection
EndGlobal
